
Microsoft Visual Studio Solution File, Format Version 12.00
# Visual Studio Version 17
VisualStudioVersion = 17.0.31825.309
MinimumVisualStudioVersion = 10.0.40219.1
Project("{FAE04EC0-301F-11D3-BF4B-00C04F79EFBC}") = "Hotel", "Hotel\Hotel.csproj", "{0167CD49-231C-4381-BA6C-218BAC2C3069}"
EndProject
Global
	GlobalSection(SolutionConfigurationPlatforms) = preSolution
		Debug|Any CPU = Debug|Any CPU
		Release|Any CPU = Release|Any CPU
	EndGlobalSection
	GlobalSection(ProjectConfigurationPlatforms) = postSolution
		{0167CD49-231C-4381-BA6C-218BAC2C3069}.Debug|Any CPU.ActiveCfg = Debug|Any CPU
		{0167CD49-231C-4381-BA6C-218BAC2C3069}.Debug|Any CPU.Build.0 = Debug|Any CPU
		{0167CD49-231C-4381-BA6C-218BAC2C3069}.Release|Any CPU.ActiveCfg = Release|Any CPU
		{0167CD49-231C-4381-BA6C-218BAC2C3069}.Release|Any CPU.Build.0 = Release|Any CPU
	EndGlobalSection
	GlobalSection(SolutionProperties) = preSolution
		HideSolutionNode = FALSE
	EndGlobalSection
	GlobalSection(ExtensibilityGlobals) = postSolution
		SolutionGuid = {07C320E2-74F4-43A5-B607-A42D0A245C7E}
	EndGlobalSection
EndGlobal
